<?xml version="1.0" encoding="utf-8"?>
<Project ToolsVersion="4.0" xmlns="http://schemas.microsoft.com/developer/msbuild/2003">
  <ItemGroup>
    <Filter Include="HAZEL">
      <UniqueIdentifier>{19113B0D-8525-63BE-4EA7-061EBA7A5FEF}</UniqueIdentifier>
    </Filter>
    <Filter Include="HAZEL\Core">
      <UniqueIdentifier>{11CD976F-FD84-D9BC-668C-B218526374AD}</UniqueIdentifier>
    </Filter>
    <Filter Include="HAZEL\Events">
      <UniqueIdentifier>{DD66E1B9-C9C9-705E-724F-A9145E913CE1}</UniqueIdentifier>
    </Filter>
    <Filter Include="Platform">
      <UniqueIdentifier>{2AC788B4-1694-E3BF-3FAD-D1672BD9184E}</UniqueIdentifier>
    </Filter>
    <Filter Include="Platform\Windows">
      <UniqueIdentifier>{64FBD71A-50F4-F66C-7926-DCF1657ED678}</UniqueIdentifier>
    </Filter>
  </ItemGroup>
  <ItemGroup>
    <ClInclude Include="src\HAZEL\Application.h">
      <Filter>HAZEL</Filter>
    </ClInclude>
    <ClInclude Include="src\HAZEL\Core.h">
      <Filter>HAZEL</Filter>
    </ClInclude>
    <ClInclude Include="src\HAZEL\Core\KeyCodes.h">
      <Filter>HAZEL\Core</Filter>
    </ClInclude>
    <ClInclude Include="src\HAZEL\Core\Layer.h">
      <Filter>HAZEL\Core</Filter>
    </ClInclude>
    <ClInclude Include="src\HAZEL\Core\LayerStack.h">
      <Filter>HAZEL\Core</Filter>
    </ClInclude>
    <ClInclude Include="src\HAZEL\Core\Log.h">
      <Filter>HAZEL\Core</Filter>
    </ClInclude>
    <ClInclude Include="src\HAZEL\Core\MouseCodes.h">
      <Filter>HAZEL\Core</Filter>
    </ClInclude>
    <ClInclude Include="src\HAZEL\Core\Window.h">
      <Filter>HAZEL\Core</Filter>
    </ClInclude>
    <ClInclude Include="src\HAZEL\EntryPoint.h">
      <Filter>HAZEL</Filter>
    </ClInclude>
    <ClInclude Include="src\HAZEL\Events\ApplicationEvent.h">
      <Filter>HAZEL\Events</Filter>
    </ClInclude>
    <ClInclude Include="src\HAZEL\Events\Event.h">
      <Filter>HAZEL\Events</Filter>
    </ClInclude>
    <ClInclude Include="src\HAZEL\Events\KeyEvent.h">
      <Filter>HAZEL\Events</Filter>
    </ClInclude>
    <ClInclude Include="src\HAZEL\Events\MouseEvent.h">
      <Filter>HAZEL\Events</Filter>
    </ClInclude>
    <ClInclude Include="src\Hazel.h" />
    <ClInclude Include="src\Platform\Windows\WindowsWindow.h">
      <Filter>Platform\Windows</Filter>
    </ClInclude>
    <ClInclude Include="src\hzpch.h" />
  </ItemGroup>
  <ItemGroup>
    <ClCompile Include="src\HAZEL\Application.cpp">
      <Filter>HAZEL</Filter>
    </ClCompile>
    <ClCompile Include="src\HAZEL\Core\Layer.cpp">
      <Filter>HAZEL\Core</Filter>
    </ClCompile>
    <ClCompile Include="src\HAZEL\Core\LayerStack.cpp">
      <Filter>HAZEL\Core</Filter>
    </ClCompile>
    <ClCompile Include="src\HAZEL\Core\Log.cpp">
      <Filter>HAZEL\Core</Filter>
    </ClCompile>
    <ClCompile Include="src\Platform\Windows\WindowsWindow.cpp">
      <Filter>Platform\Windows</Filter>
    </ClCompile>
    <ClCompile Include="src\hzpch.cpp" />
  </ItemGroup>
</Project>